
Microsoft Visual Studio Solution File, Format Version 12.00
# Visual Studio Version 16
VisualStudioVersion = 16.0.30309.148
MinimumVisualStudioVersion = 10.0.40219.1
Project("{FAE04EC0-301F-11D3-BF4B-00C04F79EFBC}") = "MyEshop", "MyEshop\MyEshop.csproj", "{96AF2C9F-7FE1-4018-A310-FEFCDC7D82F2}"
EndProject
Project("{FAE04EC0-301F-11D3-BF4B-00C04F79EFBC}") = "DataLayer", "DataLayer\DataLayer.csproj", "{C4D6FFB5-DE52-4121-AFFF-BA4CFF34F2FD}"
EndProject
Global
	GlobalSection(SolutionConfigurationPlatforms) = preSolution
		Debug|Any CPU = Debug|Any CPU
		Release|Any CPU = Release|Any CPU
	EndGlobalSection
	GlobalSection(ProjectConfigurationPlatforms) = postSolution
		{96AF2C9F-7FE1-4018-A310-FEFCDC7D82F2}.Debug|Any CPU.ActiveCfg = Debug|Any CPU
		{96AF2C9F-7FE1-4018-A310-FEFCDC7D82F2}.Debug|Any CPU.Build.0 = Debug|Any CPU
		{96AF2C9F-7FE1-4018-A310-FEFCDC7D82F2}.Release|Any CPU.ActiveCfg = Release|Any CPU
		{96AF2C9F-7FE1-4018-A310-FEFCDC7D82F2}.Release|Any CPU.Build.0 = Release|Any CPU
		{C4D6FFB5-DE52-4121-AFFF-BA4CFF34F2FD}.Debug|Any CPU.ActiveCfg = Debug|Any CPU
		{C4D6FFB5-DE52-4121-AFFF-BA4CFF34F2FD}.Debug|Any CPU.Build.0 = Debug|Any CPU
		{C4D6FFB5-DE52-4121-AFFF-BA4CFF34F2FD}.Release|Any CPU.ActiveCfg = Release|Any CPU
		{C4D6FFB5-DE52-4121-AFFF-BA4CFF34F2FD}.Release|Any CPU.Build.0 = Release|Any CPU
	EndGlobalSection
	GlobalSection(SolutionProperties) = preSolution
		HideSolutionNode = FALSE
	EndGlobalSection
	GlobalSection(ExtensibilityGlobals) = postSolution
		SolutionGuid = {D6164343-D43A-408E-8D71-ACD7391BFCD4}
	EndGlobalSection
EndGlobal
